
Microsoft Visual Studio Solution File, Format Version 12.00
# Visual Studio Version 17
VisualStudioVersion = 17.8.34511.84
MinimumVisualStudioVersion = 10.0.40219.1
Project("{FAE04EC0-301F-11D3-BF4B-00C04F79EFBC}") = "ClassExamples", "ClassExamples\ClassExamples.csproj", "{58F045F5-4516-4F6B-93EC-085500C622C5}"
EndProject
Project("{FAE04EC0-301F-11D3-BF4B-00C04F79EFBC}") = "AssigningValuesForArguments", "AssigningValuesForArguments\AssigningValuesForArguments.csproj", "{9CDFE064-CC4B-45BA-9BB0-5D8D4031F334}"
EndProject
Project("{FAE04EC0-301F-11D3-BF4B-00C04F79EFBC}") = "ObjectAsArray", "ObjectAsArray\ObjectAsArray.csproj", "{F78A3B0C-CDD8-4B2B-A04B-CE03CAC8FB81}"
EndProject
Project("{FAE04EC0-301F-11D3-BF4B-00C04F79EFBC}") = "CallByValueRefOut", "CallByValueRefOut\CallByValueRefOut.csproj", "{E7B157A6-3E0D-40FD-9664-165E0241BFA1}"
EndProject
Project("{FAE04EC0-301F-11D3-BF4B-00C04F79EFBC}") = "MemberClass", "MemberClass\MemberClass.csproj", "{1F96B2F2-5540-485F-9F0A-A859DEDBC26F}"
EndProject
Global
	GlobalSection(SolutionConfigurationPlatforms) = preSolution
		Debug|Any CPU = Debug|Any CPU
		Release|Any CPU = Release|Any CPU
	EndGlobalSection
	GlobalSection(ProjectConfigurationPlatforms) = postSolution
		{58F045F5-4516-4F6B-93EC-085500C622C5}.Debug|Any CPU.ActiveCfg = Debug|Any CPU
		{58F045F5-4516-4F6B-93EC-085500C622C5}.Debug|Any CPU.Build.0 = Debug|Any CPU
		{58F045F5-4516-4F6B-93EC-085500C622C5}.Release|Any CPU.ActiveCfg = Release|Any CPU
		{58F045F5-4516-4F6B-93EC-085500C622C5}.Release|Any CPU.Build.0 = Release|Any CPU
		{9CDFE064-CC4B-45BA-9BB0-5D8D4031F334}.Debug|Any CPU.ActiveCfg = Debug|Any CPU
		{9CDFE064-CC4B-45BA-9BB0-5D8D4031F334}.Debug|Any CPU.Build.0 = Debug|Any CPU
		{9CDFE064-CC4B-45BA-9BB0-5D8D4031F334}.Release|Any CPU.ActiveCfg = Release|Any CPU
		{9CDFE064-CC4B-45BA-9BB0-5D8D4031F334}.Release|Any CPU.Build.0 = Release|Any CPU
		{F78A3B0C-CDD8-4B2B-A04B-CE03CAC8FB81}.Debug|Any CPU.ActiveCfg = Debug|Any CPU
		{F78A3B0C-CDD8-4B2B-A04B-CE03CAC8FB81}.Debug|Any CPU.Build.0 = Debug|Any CPU
		{F78A3B0C-CDD8-4B2B-A04B-CE03CAC8FB81}.Release|Any CPU.ActiveCfg = Release|Any CPU
		{F78A3B0C-CDD8-4B2B-A04B-CE03CAC8FB81}.Release|Any CPU.Build.0 = Release|Any CPU
		{E7B157A6-3E0D-40FD-9664-165E0241BFA1}.Debug|Any CPU.ActiveCfg = Debug|Any CPU
		{E7B157A6-3E0D-40FD-9664-165E0241BFA1}.Debug|Any CPU.Build.0 = Debug|Any CPU
		{E7B157A6-3E0D-40FD-9664-165E0241BFA1}.Release|Any CPU.ActiveCfg = Release|Any CPU
		{E7B157A6-3E0D-40FD-9664-165E0241BFA1}.Release|Any CPU.Build.0 = Release|Any CPU
		{1F96B2F2-5540-485F-9F0A-A859DEDBC26F}.Debug|Any CPU.ActiveCfg = Debug|Any CPU
		{1F96B2F2-5540-485F-9F0A-A859DEDBC26F}.Debug|Any CPU.Build.0 = Debug|Any CPU
		{1F96B2F2-5540-485F-9F0A-A859DEDBC26F}.Release|Any CPU.ActiveCfg = Release|Any CPU
		{1F96B2F2-5540-485F-9F0A-A859DEDBC26F}.Release|Any CPU.Build.0 = Release|Any CPU
	EndGlobalSection
	GlobalSection(SolutionProperties) = preSolution
		HideSolutionNode = FALSE
	EndGlobalSection
	GlobalSection(ExtensibilityGlobals) = postSolution
		SolutionGuid = {C895C9B9-913C-489D-950D-DBD023E5B77A}
	EndGlobalSection
EndGlobal
